{
  "pins" : [
    {
      "identity" : "onesignal-xcframework",
      "kind" : "remoteSourceControl",
      "location" : "https://github.com/OneSignal/OneSignal-XCFramework",
      "state" : {
        "revision" : "37c0c6ebfe4aad85be13f6e6ba079282302533fc",
        "version" : "5.2.0"
      }
    }
  ],
  "version" : 2
}
